
Microsoft Visual Studio Solution File, Format Version 12.00
# Visual Studio 15
VisualStudioVersion = 15.0.27703.2018
MinimumVisualStudioVersion = 10.0.40219.1
Project("{FAE04EC0-301F-11D3-BF4B-00C04F79EFBC}") = "yoyoyo", "yoyoyo\yoyoyo.csproj", "{15185C71-9204-491D-A65E-4852AD17C6BA}"
EndProject
Global
	GlobalSection(SolutionConfigurationPlatforms) = preSolution
		Debug|Any CPU = Debug|Any CPU
		Release|Any CPU = Release|Any CPU
	EndGlobalSection
	GlobalSection(ProjectConfigurationPlatforms) = postSolution
		{15185C71-9204-491D-A65E-4852AD17C6BA}.Debug|Any CPU.ActiveCfg = Debug|Any CPU
		{15185C71-9204-491D-A65E-4852AD17C6BA}.Debug|Any CPU.Build.0 = Debug|Any CPU
		{15185C71-9204-491D-A65E-4852AD17C6BA}.Release|Any CPU.ActiveCfg = Release|Any CPU
		{15185C71-9204-491D-A65E-4852AD17C6BA}.Release|Any CPU.Build.0 = Release|Any CPU
	EndGlobalSection
	GlobalSection(SolutionProperties) = preSolution
		HideSolutionNode = FALSE
	EndGlobalSection
	GlobalSection(ExtensibilityGlobals) = postSolution
		SolutionGuid = {0588C64E-9CEA-4AEF-B891-7707C8480905}
	EndGlobalSection
EndGlobal
